
Microsoft Visual Studio Solution File, Format Version 12.00
# Visual Studio Version 17
VisualStudioVersion = 17.12.35506.116
MinimumVisualStudioVersion = 10.0.40219.1
Project("{FAE04EC0-301F-11D3-BF4B-00C04F79EFBC}") = "PerformanceTesting", "PerformanceTesting\PerformanceTesting.csproj", "{2FC2EA6F-1411-4BAE-A323-718B9FD72D89}"
EndProject
Project("{FAE04EC0-301F-11D3-BF4B-00C04F79EFBC}") = "Unfolder", "Unfolder\Unfolder.csproj", "{63358696-AA28-4DAA-8CDD-13EF2D11CF66}"
EndProject
Global
	GlobalSection(SolutionConfigurationPlatforms) = preSolution
		Debug|Any CPU = Debug|Any CPU
		Release|Any CPU = Release|Any CPU
	EndGlobalSection
	GlobalSection(ProjectConfigurationPlatforms) = postSolution
		{2FC2EA6F-1411-4BAE-A323-718B9FD72D89}.Debug|Any CPU.ActiveCfg = Debug|Any CPU
		{2FC2EA6F-1411-4BAE-A323-718B9FD72D89}.Debug|Any CPU.Build.0 = Debug|Any CPU
		{2FC2EA6F-1411-4BAE-A323-718B9FD72D89}.Release|Any CPU.ActiveCfg = Release|Any CPU
		{2FC2EA6F-1411-4BAE-A323-718B9FD72D89}.Release|Any CPU.Build.0 = Release|Any CPU
		{63358696-AA28-4DAA-8CDD-13EF2D11CF66}.Debug|Any CPU.ActiveCfg = Debug|Any CPU
		{63358696-AA28-4DAA-8CDD-13EF2D11CF66}.Debug|Any CPU.Build.0 = Debug|Any CPU
		{63358696-AA28-4DAA-8CDD-13EF2D11CF66}.Release|Any CPU.ActiveCfg = Release|Any CPU
		{63358696-AA28-4DAA-8CDD-13EF2D11CF66}.Release|Any CPU.Build.0 = Release|Any CPU
	EndGlobalSection
	GlobalSection(SolutionProperties) = preSolution
		HideSolutionNode = FALSE
	EndGlobalSection
EndGlobal
